// !$*UTF8*$!
{
	archiveVersion = 1;
	classes = {
	};
	objectVersion = 46;
	objects = {

/* Begin PBXBuildFile section */
		8A8736871583208B000B035D /* UIKit.framework in Frameworks */ = {isa = PBXBuildFile; fileRef = 8A8736861583208B000B035D /* UIKit.framework */; };
		8A8736891583208B000B035D /* Foundation.framework in Frameworks */ = {isa = PBXBuildFile; fileRef = 8A8736881583208B000B035D /* Foundation.framework */; };
		8A87368B1583208B000B035D /* CoreGraphics.framework in Frameworks */ = {isa = PBXBuildFile; fileRef = 8A87368A1583208B000B035D /* CoreGraphics.framework */; };
		8A8736911583208B000B035D /* InfoPlist.strings in Resources */ = {isa = PBXBuildFile; fileRef = 8A87368F1583208B000B035D /* InfoPlist.strings */; };
		8A8736931583208B000B035D /* main.m in Sources */ = {isa = PBXBuildFile; fileRef = 8A8736921583208B000B035D /* main.m */; };
		8A8736971583208B000B035D /* SampleAppDelegate.m in Sources */ = {isa = PBXBuildFile; fileRef = 8A8736961583208B000B035D /* SampleAppDelegate.m */; };
		8A87369A1583208B000B035D /* SampleViewController.m in Sources */ = {isa = PBXBuildFile; fileRef = 8A8736991583208B000B035D /* SampleViewController.m */; };
		8A87369D1583208B000B035D /* SampleViewController_iPhone.xib in Resources */ = {isa = PBXBuildFile; fileRef = 8A87369B1583208B000B035D /* SampleViewController_iPhone.xib */; };
		8A8736A01583208B000B035D /* SampleViewController_iPad.xib in Resources */ = {isa = PBXBuildFile; fileRef = 8A87369E1583208B000B035D /* SampleViewController_iPad.xib */; };
		8A8736A81583208B000B035D /* SenTestingKit.framework in Frameworks */ = {isa = PBXBuildFile; fileRef = 8A8736A71583208B000B035D /* SenTestingKit.framework */; };
		8A8736A91583208B000B035D /* UIKit.framework in Frameworks */ = {isa = PBXBuildFile; fileRef = 8A8736861583208B000B035D /* UIKit.framework */; };
		8A8736AA1583208B000B035D /* Foundation.framework in Frameworks */ = {isa = PBXBuildFile; fileRef = 8A8736881583208B000B035D /* Foundation.framework */; };
		8A8736B21583208B000B035D /* InfoPlist.strings in Resources */ = {isa = PBXBuildFile; fileRef = 8A8736B01583208B000B035D /* InfoPlist.strings */; };
		8A8736B51583208B000B035D /* KMZDrawTests.m in Sources */ = {isa = PBXBuildFile; fileRef = 8A8736B41583208B000B035D /* KMZDrawTests.m */; };
		8A8736C11583218B000B035D /* KMZDrawView.m in Sources */ = {isa = PBXBuildFile; fileRef = 8A8736C01583218B000B035D /* KMZDrawView.m */; };
		8A8736C21583218B000B035D /* KMZDrawView.m in Sources */ = {isa = PBXBuildFile; fileRef = 8A8736C01583218B000B035D /* KMZDrawView.m */; };
		8A8736C5158322EF000B035D /* KMZLine.m in Sources */ = {isa = PBXBuildFile; fileRef = 8A8736C4158322EF000B035D /* KMZLine.m */; };
		8A8736C6158322EF000B035D /* KMZLine.m in Sources */ = {isa = PBXBuildFile; fileRef = 8A8736C4158322EF000B035D /* KMZLine.m */; };
		8A8736C9158327DA000B035D /* KMZFrame.m in Sources */ = {isa = PBXBuildFile; fileRef = 8A8736C8158327DA000B035D /* KMZFrame.m */; };
		8A8736CA158327DA000B035D /* KMZFrame.m in Sources */ = {isa = PBXBuildFile; fileRef = 8A8736C8158327DA000B035D /* KMZFrame.m */; };
/* End PBXBuildFile section */

/* Begin PBXContainerItemProxy section */
		8A8736AB1583208B000B035D /* PBXContainerItemProxy */ = {
			isa = PBXContainerItemProxy;
			containerPortal = 8A8736791583208B000B035D /* Project object */;
			proxyType = 1;
			remoteGlobalIDString = 8A8736811583208B000B035D;
			remoteInfo = KMZDraw;
		};
/* End PBXContainerItemProxy section */

/* Begin PBXFileReference section */
		8A8736821583208B000B035D /* KMZDraw.app */ = {isa = PBXFileReference; explicitFileType = wrapper.application; includeInIndex = 0; path = KMZDraw.app; sourceTree = BUILT_PRODUCTS_DIR; };
		8A8736861583208B000B035D /* UIKit.framework */ = {isa = PBXFileReference; lastKnownFileType = wrapper.framework; name = UIKit.framework; path = System/Library/Frameworks/UIKit.framework; sourceTree = SDKROOT; };
		8A8736881583208B000B035D /* Foundation.framework */ = {isa = PBXFileReference; lastKnownFileType = wrapper.framework; name = Foundation.framework; path = System/Library/Frameworks/Foundation.framework; sourceTree = SDKROOT; };
		8A87368A1583208B000B035D /* CoreGraphics.framework */ = {isa = PBXFileReference; lastKnownFileType = wrapper.framework; name = CoreGraphics.framework; path = System/Library/Frameworks/CoreGraphics.framework; sourceTree = SDKROOT; };
		8A87368E1583208B000B035D /* KMZDraw-Info.plist */ = {isa = PBXFileReference; lastKnownFileType = text.plist.xml; path = "KMZDraw-Info.plist"; sourceTree = "<group>"; };
		8A8736901583208B000B035D /* en */ = {isa = PBXFileReference; lastKnownFileType = text.plist.strings; name = en; path = en.lproj/InfoPlist.strings; sourceTree = "<group>"; };
		8A8736921583208B000B035D /* main.m */ = {isa = PBXFileReference; lastKnownFileType = sourcecode.c.objc; path = main.m; sourceTree = "<group>"; };
		8A8736941583208B000B035D /* KMZDraw-Prefix.pch */ = {isa = PBXFileReference; lastKnownFileType = sourcecode.c.h; path = "KMZDraw-Prefix.pch"; sourceTree = "<group>"; };
		8A8736951583208B000B035D /* SampleAppDelegate.h */ = {isa = PBXFileReference; lastKnownFileType = sourcecode.c.h; path = SampleAppDelegate.h; sourceTree = "<group>"; };
		8A8736961583208B000B035D /* SampleAppDelegate.m */ = {isa = PBXFileReference; lastKnownFileType = sourcecode.c.objc; path = SampleAppDelegate.m; sourceTree = "<group>"; };
		8A8736981583208B000B035D /* SampleViewController.h */ = {isa = PBXFileReference; lastKnownFileType = sourcecode.c.h; path = SampleViewController.h; sourceTree = "<group>"; };
		8A8736991583208B000B035D /* SampleViewController.m */ = {isa = PBXFileReference; lastKnownFileType = sourcecode.c.objc; path = SampleViewController.m; sourceTree = "<group>"; };
		8A87369C1583208B000B035D /* en */ = {isa = PBXFileReference; lastKnownFileType = file.xib; name = en; path = en.lproj/SampleViewController_iPhone.xib; sourceTree = "<group>"; };
		8A87369F1583208B000B035D /* en */ = {isa = PBXFileReference; lastKnownFileType = file.xib; name = en; path = en.lproj/SampleViewController_iPad.xib; sourceTree = "<group>"; };
		8A8736A61583208B000B035D /* KMZDrawTests.octest */ = {isa = PBXFileReference; explicitFileType = wrapper.cfbundle; includeInIndex = 0; path = KMZDrawTests.octest; sourceTree = BUILT_PRODUCTS_DIR; };
		8A8736A71583208B000B035D /* SenTestingKit.framework */ = {isa = PBXFileReference; lastKnownFileType = wrapper.framework; name = SenTestingKit.framework; path = Library/Frameworks/SenTestingKit.framework; sourceTree = DEVELOPER_DIR; };
		8A8736AF1583208B000B035D /* KMZDrawTests-Info.plist */ = {isa = PBXFileReference; lastKnownFileType = text.plist.xml; path = "KMZDrawTests-Info.plist"; sourceTree = "<group>"; };
		8A8736B11583208B000B035D /* en */ = {isa = PBXFileReference; lastKnownFileType = text.plist.strings; name = en; path = en.lproj/InfoPlist.strings; sourceTree = "<group>"; };
		8A8736B31583208B000B035D /* KMZDrawTests.h */ = {isa = PBXFileReference; lastKnownFileType = sourcecode.c.h; path = KMZDrawTests.h; sourceTree = "<group>"; };
		8A8736B41583208B000B035D /* KMZDrawTests.m */ = {isa = PBXFileReference; lastKnownFileType = sourcecode.c.objc; path = KMZDrawTests.m; sourceTree = "<group>"; };
		8A8736BF1583218B000B035D /* KMZDrawView.h */ = {isa = PBXFileReference; fileEncoding = 4; lastKnownFileType = sourcecode.c.h; path = KMZDrawView.h; sourceTree = "<group>"; };
		8A8736C01583218B000B035D /* KMZDrawView.m */ = {isa = PBXFileReference; fileEncoding = 4; lastKnownFileType = sourcecode.c.objc; path = KMZDrawView.m; sourceTree = "<group>"; };
		8A8736C3158322EF000B035D /* KMZLine.h */ = {isa = PBXFileReference; fileEncoding = 4; lastKnownFileType = sourcecode.c.h; path = KMZLine.h; sourceTree = "<group>"; };
		8A8736C4158322EF000B035D /* KMZLine.m */ = {isa = PBXFileReference; fileEncoding = 4; lastKnownFileType = sourcecode.c.objc; path = KMZLine.m; sourceTree = "<group>"; };
		8A8736C7158327DA000B035D /* KMZFrame.h */ = {isa = PBXFileReference; fileEncoding = 4; lastKnownFileType = sourcecode.c.h; path = KMZFrame.h; sourceTree = "<group>"; };
		8A8736C8158327DA000B035D /* KMZFrame.m */ = {isa = PBXFileReference; fileEncoding = 4; lastKnownFileType = sourcecode.c.objc; path = KMZFrame.m; sourceTree = "<group>"; };
/* End PBXFileReference section */

/* Begin PBXFrameworksBuildPhase section */
		8A87367F1583208B000B035D /* Frameworks */ = {
			isa = PBXFrameworksBuildPhase;
			buildActionMask = 2147483647;
			files = (
				8A8736871583208B000B035D /* UIKit.framework in Frameworks */,
				8A8736891583208B000B035D /* Foundation.framework in Frameworks */,
				8A87368B1583208B000B035D /* CoreGraphics.framework in Frameworks */,
			);
			runOnlyForDeploymentPostprocessing = 0;
		};
		8A8736A21583208B000B035D /* Frameworks */ = {
			isa = PBXFrameworksBuildPhase;
			buildActionMask = 2147483647;
			files = (
				8A8736A81583208B000B035D /* SenTestingKit.framework in Frameworks */,
				8A8736A91583208B000B035D /* UIKit.framework in Frameworks */,
				8A8736AA1583208B000B035D /* Foundation.framework in Frameworks */,
			);
			runOnlyForDeploymentPostprocessing = 0;
		};
/* End PBXFrameworksBuildPhase section */

/* Begin PBXGroup section */
		8A8736771583208B000B035D = {
			isa = PBXGroup;
			children = (
				8A8736BE158320EF000B035D /* lib */,
				8A87368C1583208B000B035D /* SampleApp */,
				8A8736AD1583208B000B035D /* KMZDrawTests */,
				8A8736851583208B000B035D /* Frameworks */,
				8A8736831583208B000B035D /* Products */,
			);
			sourceTree = "<group>";
		};
		8A8736831583208B000B035D /* Products */ = {
			isa = PBXGroup;
			children = (
				8A8736821583208B000B035D /* KMZDraw.app */,
				8A8736A61583208B000B035D /* KMZDrawTests.octest */,
			);
			name = Products;
			sourceTree = "<group>";
		};
		8A8736851583208B000B035D /* Frameworks */ = {
			isa = PBXGroup;
			children = (
				8A8736861583208B000B035D /* UIKit.framework */,
				8A8736881583208B000B035D /* Foundation.framework */,
				8A87368A1583208B000B035D /* CoreGraphics.framework */,
				8A8736A71583208B000B035D /* SenTestingKit.framework */,
			);
			name = Frameworks;
			sourceTree = "<group>";
		};
		8A87368C1583208B000B035D /* SampleApp */ = {
			isa = PBXGroup;
			children = (
				8A8736951583208B000B035D /* SampleAppDelegate.h */,
				8A8736961583208B000B035D /* SampleAppDelegate.m */,
				8A8736981583208B000B035D /* SampleViewController.h */,
				8A8736991583208B000B035D /* SampleViewController.m */,
				8A87369B1583208B000B035D /* SampleViewController_iPhone.xib */,
				8A87369E1583208B000B035D /* SampleViewController_iPad.xib */,
				8A87368D1583208B000B035D /* Supporting Files */,
			);
			name = SampleApp;
			path = KMZDraw;
			sourceTree = "<group>";
		};
		8A87368D1583208B000B035D /* Supporting Files */ = {
			isa = PBXGroup;
			children = (
				8A87368E1583208B000B035D /* KMZDraw-Info.plist */,
				8A87368F1583208B000B035D /* InfoPlist.strings */,
				8A8736921583208B000B035D /* main.m */,
				8A8736941583208B000B035D /* KMZDraw-Prefix.pch */,
			);
			name = "Supporting Files";
			sourceTree = "<group>";
		};
		8A8736AD1583208B000B035D /* KMZDrawTests */ = {
			isa = PBXGroup;
			children = (
				8A8736B31583208B000B035D /* KMZDrawTests.h */,
				8A8736B41583208B000B035D /* KMZDrawTests.m */,
				8A8736AE1583208B000B035D /* Supporting Files */,
			);
			path = KMZDrawTests;
			sourceTree = "<group>";
		};
		8A8736AE1583208B000B035D /* Supporting Files */ = {
			isa = PBXGroup;
			children = (
				8A8736AF1583208B000B035D /* KMZDrawTests-Info.plist */,
				8A8736B01583208B000B035D /* InfoPlist.strings */,
			);
			name = "Supporting Files";
			sourceTree = "<group>";
		};
		8A8736BE158320EF000B035D /* lib */ = {
			isa = PBXGroup;
			children = (
				8A8736BF1583218B000B035D /* KMZDrawView.h */,
				8A8736C01583218B000B035D /* KMZDrawView.m */,
				8A8736C3158322EF000B035D /* KMZLine.h */,
				8A8736C4158322EF000B035D /* KMZLine.m */,
				8A8736C7158327DA000B035D /* KMZFrame.h */,
				8A8736C8158327DA000B035D /* KMZFrame.m */,
			);
			name = lib;
			path = KMZDraw/lib;
			sourceTree = "<group>";
		};
/* End PBXGroup section */

/* Begin PBXNativeTarget section */
		8A8736811583208B000B035D /* KMZDraw */ = {
			isa = PBXNativeTarget;
			buildConfigurationList = 8A8736B81583208B000B035D /* Build configuration list for PBXNativeTarget "KMZDraw" */;
			buildPhases = (
				8A87367E1583208B000B035D /* Sources */,
				8A87367F1583208B000B035D /* Frameworks */,
				8A8736801583208B000B035D /* Resources */,
			);
			buildRules = (
			);
			dependencies = (
			);
			name = KMZDraw;
			productName = KMZDraw;
			productReference = 8A8736821583208B000B035D /* KMZDraw.app */;
			productType = "com.apple.product-type.application";
		};
		8A8736A51583208B000B035D /* KMZDrawTests */ = {
			isa = PBXNativeTarget;
			buildConfigurationList = 8A8736BB1583208B000B035D /* Build configuration list for PBXNativeTarget "KMZDrawTests" */;
			buildPhases = (
				8A8736A11583208B000B035D /* Sources */,
				8A8736A21583208B000B035D /* Frameworks */,
				8A8736A31583208B000B035D /* Resources */,
				8A8736A41583208B000B035D /* ShellScript */,
			);
			buildRules = (
			);
			dependencies = (
				8A8736AC1583208B000B035D /* PBXTargetDependency */,
			);
			name = KMZDrawTests;
			productName = KMZDrawTests;
			productReference = 8A8736A61583208B000B035D /* KMZDrawTests.octest */;
			productType = "com.apple.product-type.bundle";
		};
/* End PBXNativeTarget section */

/* Begin PBXProject section */
		8A8736791583208B000B035D /* Project object */ = {
			isa = PBXProject;
			attributes = {
				CLASSPREFIX = KMZ;
				LastUpgradeCheck = 0430;
			};
			buildConfigurationList = 8A87367C1583208B000B035D /* Build configuration list for PBXProject "KMZDraw" */;
			compatibilityVersion = "Xcode 3.2";
			developmentRegion = English;
			hasScannedForEncodings = 0;
			knownRegions = (
				en,
			);
			mainGroup = 8A8736771583208B000B035D;
			productRefGroup = 8A8736831583208B000B035D /* Products */;
			projectDirPath = "";
			projectRoot = "";
			targets = (
				8A8736811583208B000B035D /* KMZDraw */,
				8A8736A51583208B000B035D /* KMZDrawTests */,
			);
		};
/* End PBXProject section */

/* Begin PBXResourcesBuildPhase section */
		8A8736801583208B000B035D /* Resources */ = {
			isa = PBXResourcesBuildPhase;
			buildActionMask = 2147483647;
			files = (
				8A8736911583208B000B035D /* InfoPlist.strings in Resources */,
				8A87369D1583208B000B035D /* SampleViewController_iPhone.xib in Resources */,
				8A8736A01583208B000B035D /* SampleViewController_iPad.xib in Resources */,
			);
			runOnlyForDeploymentPostprocessing = 0;
		};
		8A8736A31583208B000B035D /* Resources */ = {
			isa = PBXResourcesBuildPhase;
			buildActionMask = 2147483647;
			files = (
				8A8736B21583208B000B035D /* InfoPlist.strings in Resources */,
			);
			runOnlyForDeploymentPostprocessing = 0;
		};
/* End PBXResourcesBuildPhase section */

/* Begin PBXShellScriptBuildPhase section */
		8A8736A41583208B000B035D /* ShellScript */ = {
			isa = PBXShellScriptBuildPhase;
			buildActionMask = 2147483647;
			files = (
			);
			inputPaths = (
			);
			outputPaths = (
			);
			runOnlyForDeploymentPostprocessing = 0;
			shellPath = /bin/sh;
			shellScript = "# Run the unit tests in this test bundle.\n\"${SYSTEM_DEVELOPER_DIR}/Tools/RunUnitTests\"\n";
		};
/* End PBXShellScriptBuildPhase section */

/* Begin PBXSourcesBuildPhase section */
		8A87367E1583208B000B035D /* Sources */ = {
			isa = PBXSourcesBuildPhase;
			buildActionMask = 2147483647;
			files = (
				8A8736931583208B000B035D /* main.m in Sources */,
				8A8736971583208B000B035D /* SampleAppDelegate.m in Sources */,
				8A87369A1583208B000B035D /* SampleViewController.m in Sources */,
				8A8736C11583218B000B035D /* KMZDrawView.m in Sources */,
				8A8736C5158322EF000B035D /* KMZLine.m in Sources */,
				8A8736C9158327DA000B035D /* KMZFrame.m in Sources */,
			);
			runOnlyForDeploymentPostprocessing = 0;
		};
		8A8736A11583208B000B035D /* Sources */ = {
			isa = PBXSourcesBuildPhase;
			buildActionMask = 2147483647;
			files = (
				8A8736B51583208B000B035D /* KMZDrawTests.m in Sources */,
				8A8736C21583218B000B035D /* KMZDrawView.m in Sources */,
				8A8736C6158322EF000B035D /* KMZLine.m in Sources */,
				8A8736CA158327DA000B035D /* KMZFrame.m in Sources */,
			);
			runOnlyForDeploymentPostprocessing = 0;
		};
/* End PBXSourcesBuildPhase section */

/* Begin PBXTargetDependency section */
		8A8736AC1583208B000B035D /* PBXTargetDependency */ = {
			isa = PBXTargetDependency;
			target = 8A8736811583208B000B035D /* KMZDraw */;
			targetProxy = 8A8736AB1583208B000B035D /* PBXContainerItemProxy */;
		};
/* End PBXTargetDependency section */

/* Begin PBXVariantGroup section */
		8A87368F1583208B000B035D /* InfoPlist.strings */ = {
			isa = PBXVariantGroup;
			children = (
				8A8736901583208B000B035D /* en */,
			);
			name = InfoPlist.strings;
			sourceTree = "<group>";
		};
		8A87369B1583208B000B035D /* SampleViewController_iPhone.xib */ = {
			isa = PBXVariantGroup;
			children = (
				8A87369C1583208B000B035D /* en */,
			);
			name = SampleViewController_iPhone.xib;
			sourceTree = "<group>";
		};
		8A87369E1583208B000B035D /* SampleViewController_iPad.xib */ = {
			isa = PBXVariantGroup;
			children = (
				8A87369F1583208B000B035D /* en */,
			);
			name = SampleViewController_iPad.xib;
			sourceTree = "<group>";
		};
		8A8736B01583208B000B035D /* InfoPlist.strings */ = {
			isa = PBXVariantGroup;
			children = (
				8A8736B11583208B000B035D /* en */,
			);
			name = InfoPlist.strings;
			sourceTree = "<group>";
		};
/* End PBXVariantGroup section */

/* Begin XCBuildConfiguration section */
		8A8736B61583208B000B035D /* Debug */ = {
			isa = XCBuildConfiguration;
			buildSettings = {
				ALWAYS_SEARCH_USER_PATHS = NO;
				ARCHS = "$(ARCHS_STANDARD_32_BIT)";
				CLANG_ENABLE_OBJC_ARC = YES;
				"CODE_SIGN_IDENTITY[sdk=iphoneos*]" = "iPhone Developer";
				COPY_PHASE_STRIP = NO;
				GCC_C_LANGUAGE_STANDARD = gnu99;
				GCC_DYNAMIC_NO_PIC = NO;
				GCC_OPTIMIZATION_LEVEL = 0;
				GCC_PREPROCESSOR_DEFINITIONS = (
					"DEBUG=1",
					"$(inherited)",
				);
				GCC_SYMBOLS_PRIVATE_EXTERN = NO;
				GCC_VERSION = com.apple.compilers.llvm.clang.1_0;
				GCC_WARN_ABOUT_RETURN_TYPE = YES;
				GCC_WARN_UNINITIALIZED_AUTOS = YES;
				GCC_WARN_UNUSED_VARIABLE = YES;
				IPHONEOS_DEPLOYMENT_TARGET = 5.1;
				SDKROOT = iphoneos;
				TARGETED_DEVICE_FAMILY = "1,2";
			};
			name = Debug;
		};
		8A8736B71583208B000B035D /* Release */ = {
			isa = XCBuildConfiguration;
			buildSettings = {
				ALWAYS_SEARCH_USER_PATHS = NO;
				ARCHS = "$(ARCHS_STANDARD_32_BIT)";
				CLANG_ENABLE_OBJC_ARC = YES;
				"CODE_SIGN_IDENTITY[sdk=iphoneos*]" = "iPhone Developer";
				COPY_PHASE_STRIP = YES;
				GCC_C_LANGUAGE_STANDARD = gnu99;
				GCC_VERSION = com.apple.compilers.llvm.clang.1_0;
				GCC_WARN_ABOUT_RETURN_TYPE = YES;
				GCC_WARN_UNINITIALIZED_AUTOS = YES;
				GCC_WARN_UNUSED_VARIABLE = YES;
				IPHONEOS_DEPLOYMENT_TARGET = 5.1;
				OTHER_CFLAGS = "-DNS_BLOCK_ASSERTIONS=1";
				SDKROOT = iphoneos;
				TARGETED_DEVICE_FAMILY = "1,2";
				VALIDATE_PRODUCT = YES;
			};
			name = Release;
		};
		8A8736B91583208B000B035D /* Debug */ = {
			isa = XCBuildConfiguration;
			buildSettings = {
				GCC_PRECOMPILE_PREFIX_HEADER = YES;
				GCC_PREFIX_HEADER = "KMZDraw/KMZDraw-Prefix.pch";
				INFOPLIST_FILE = "KMZDraw/KMZDraw-Info.plist";
				PRODUCT_NAME = "$(TARGET_NAME)";
				WRAPPER_EXTENSION = app;
			};
			name = Debug;
		};
		8A8736BA1583208B000B035D /* Release */ = {
			isa = XCBuildConfiguration;
			buildSettings = {
				GCC_PRECOMPILE_PREFIX_HEADER = YES;
				GCC_PREFIX_HEADER = "KMZDraw/KMZDraw-Prefix.pch";
				INFOPLIST_FILE = "KMZDraw/KMZDraw-Info.plist";
				PRODUCT_NAME = "$(TARGET_NAME)";
				WRAPPER_EXTENSION = app;
			};
			name = Release;
		};
		8A8736BC1583208B000B035D /* Debug */ = {
			isa = XCBuildConfiguration;
			buildSettings = {
				BUNDLE_LOADER = "$(BUILT_PRODUCTS_DIR)/KMZDraw.app/KMZDraw";
				FRAMEWORK_SEARCH_PATHS = (
					"$(SDKROOT)/Developer/Library/Frameworks",
					"$(DEVELOPER_LIBRARY_DIR)/Frameworks",
				);
				GCC_PRECOMPILE_PREFIX_HEADER = YES;
				GCC_PREFIX_HEADER = "KMZDraw/KMZDraw-Prefix.pch";
				INFOPLIST_FILE = "KMZDrawTests/KMZDrawTests-Info.plist";
				PRODUCT_NAME = "$(TARGET_NAME)";
				TEST_HOST = "$(BUNDLE_LOADER)";
				WRAPPER_EXTENSION = octest;
			};
			name = Debug;
		};
		8A8736BD1583208B000B035D /* Release */ = {
			isa = XCBuildConfiguration;
			buildSettings = {
				BUNDLE_LOADER = "$(BUILT_PRODUCTS_DIR)/KMZDraw.app/KMZDraw";
				FRAMEWORK_SEARCH_PATHS = (
					"$(SDKROOT)/Developer/Library/Frameworks",
					"$(DEVELOPER_LIBRARY_DIR)/Frameworks",
				);
				GCC_PRECOMPILE_PREFIX_HEADER = YES;
				GCC_PREFIX_HEADER = "KMZDraw/KMZDraw-Prefix.pch";
				INFOPLIST_FILE = "KMZDrawTests/KMZDrawTests-Info.plist";
				PRODUCT_NAME = "$(TARGET_NAME)";
				TEST_HOST = "$(BUNDLE_LOADER)";
				WRAPPER_EXTENSION = octest;
			};
			name = Release;
		};
/* End XCBuildConfiguration section */

/* Begin XCConfigurationList section */
		8A87367C1583208B000B035D /* Build configuration list for PBXProject "KMZDraw" */ = {
			isa = XCConfigurationList;
			buildConfigurations = (
				8A8736B61583208B000B035D /* Debug */,
				8A8736B71583208B000B035D /* Release */,
			);
			defaultConfigurationIsVisible = 0;
			defaultConfigurationName = Release;
		};
		8A8736B81583208B000B035D /* Build configuration list for PBXNativeTarget "KMZDraw" */ = {
			isa = XCConfigurationList;
			buildConfigurations = (
				8A8736B91583208B000B035D /* Debug */,
				8A8736BA1583208B000B035D /* Release */,
			);
			defaultConfigurationIsVisible = 0;
		};
		8A8736BB1583208B000B035D /* Build configuration list for PBXNativeTarget "KMZDrawTests" */ = {
			isa = XCConfigurationList;
			buildConfigurations = (
				8A8736BC1583208B000B035D /* Debug */,
				8A8736BD1583208B000B035D /* Release */,
			);
			defaultConfigurationIsVisible = 0;
		};
/* End XCConfigurationList section */
	};
	rootObject = 8A8736791583208B000B035D /* Project object */;
}
